// !$*UTF8*$!
{
	archiveVersion = 1;
	classes = {
	};
	objectVersion = 46;
	objects = {

/* Begin PBXBuildFile section */
		38D46EC6184A970700445CC9 /* Foundation.framework in Frameworks */ = {isa = PBXBuildFile; fileRef = 38D46EC5184A970700445CC9 /* Foundation.framework */; };
		38D46EC8184A970700445CC9 /* CoreGraphics.framework in Frameworks */ = {isa = PBXBuildFile; fileRef = 38D46EC7184A970700445CC9 /* CoreGraphics.framework */; };
		38D46ECA184A970700445CC9 /* UIKit.framework in Frameworks */ = {isa = PBXBuildFile; fileRef = 38D46EC9184A970700445CC9 /* UIKit.framework */; };
		38D46ED0184A970700445CC9 /* InfoPlist.strings in Resources */ = {isa = PBXBuildFile; fileRef = 38D46ECE184A970700445CC9 /* InfoPlist.strings */; };
		38D46ED2184A970700445CC9 /* main.m in Sources */ = {isa = PBXBuildFile; fileRef = 38D46ED1184A970700445CC9 /* main.m */; };
		38D46ED6184A970700445CC9 /* AADAppDelegate.m in Sources */ = {isa = PBXBuildFile; fileRef = 38D46ED5184A970700445CC9 /* AADAppDelegate.m */; };
		38D46ED9184A970700445CC9 /* Main.storyboard in Resources */ = {isa = PBXBuildFile; fileRef = 38D46ED7184A970700445CC9 /* Main.storyboard */; };
		38D46EDC184A970700445CC9 /* AADViewController.m in Sources */ = {isa = PBXBuildFile; fileRef = 38D46EDB184A970700445CC9 /* AADViewController.m */; };
		38D46EDE184A970700445CC9 /* Images.xcassets in Resources */ = {isa = PBXBuildFile; fileRef = 38D46EDD184A970700445CC9 /* Images.xcassets */; };
		38D46EE5184A970700445CC9 /* XCTest.framework in Frameworks */ = {isa = PBXBuildFile; fileRef = 38D46EE4184A970700445CC9 /* XCTest.framework */; };
		38D46EE6184A970700445CC9 /* Foundation.framework in Frameworks */ = {isa = PBXBuildFile; fileRef = 38D46EC5184A970700445CC9 /* Foundation.framework */; };
		38D46EE7184A970700445CC9 /* UIKit.framework in Frameworks */ = {isa = PBXBuildFile; fileRef = 38D46EC9184A970700445CC9 /* UIKit.framework */; };
		38D46EEF184A970700445CC9 /* InfoPlist.strings in Resources */ = {isa = PBXBuildFile; fileRef = 38D46EED184A970700445CC9 /* InfoPlist.strings */; };
		38D46EF1184A970700445CC9 /* GigTests.m in Sources */ = {isa = PBXBuildFile; fileRef = 38D46EF0184A970700445CC9 /* GigTests.m */; };
		38D46EFD184AAD2800445CC9 /* Parse.framework in Frameworks */ = {isa = PBXBuildFile; fileRef = 38D46EFC184AAD2800445CC9 /* Parse.framework */; };
		38D46EFF184AAE0300445CC9 /* AudioToolbox.framework in Frameworks */ = {isa = PBXBuildFile; fileRef = 38D46EFE184AAE0300445CC9 /* AudioToolbox.framework */; };
		38D46F08184AAE5700445CC9 /* CFNetwork.framework in Frameworks */ = {isa = PBXBuildFile; fileRef = 38D46F00184AAE5600445CC9 /* CFNetwork.framework */; };
		38D46F09184AAE5700445CC9 /* CoreLocation.framework in Frameworks */ = {isa = PBXBuildFile; fileRef = 38D46F01184AAE5700445CC9 /* CoreLocation.framework */; };
		38D46F0A184AAE5700445CC9 /* libz.1.1.3.dylib in Frameworks */ = {isa = PBXBuildFile; fileRef = 38D46F02184AAE5700445CC9 /* libz.1.1.3.dylib */; };
		38D46F0B184AAE5700445CC9 /* MobileCoreServices.framework in Frameworks */ = {isa = PBXBuildFile; fileRef = 38D46F03184AAE5700445CC9 /* MobileCoreServices.framework */; };
		38D46F0C184AAE5700445CC9 /* QuartzCore.framework in Frameworks */ = {isa = PBXBuildFile; fileRef = 38D46F04184AAE5700445CC9 /* QuartzCore.framework */; };
		38D46F0D184AAE5700445CC9 /* Security.framework in Frameworks */ = {isa = PBXBuildFile; fileRef = 38D46F05184AAE5700445CC9 /* Security.framework */; };
		38D46F0E184AAE5700445CC9 /* StoreKit.framework in Frameworks */ = {isa = PBXBuildFile; fileRef = 38D46F06184AAE5700445CC9 /* StoreKit.framework */; };
		38D46F0F184AAE5700445CC9 /* SystemConfiguration.framework in Frameworks */ = {isa = PBXBuildFile; fileRef = 38D46F07184AAE5700445CC9 /* SystemConfiguration.framework */; };
		38D46F29184C118D00445CC9 /* bench.png in Resources */ = {isa = PBXBuildFile; fileRef = 38D46F28184C118D00445CC9 /* bench.png */; };
		38D46F2F184C1B9700445CC9 /* HPTButtonFactory.m in Sources */ = {isa = PBXBuildFile; fileRef = 38D46F2E184C1B9700445CC9 /* HPTButtonFactory.m */; };
		38D46F32184C1E2100445CC9 /* GIGLogInViewController.m in Sources */ = {isa = PBXBuildFile; fileRef = 38D46F31184C1E2100445CC9 /* GIGLogInViewController.m */; };
		38D46F34184C24EB00445CC9 /* black.png in Resources */ = {isa = PBXBuildFile; fileRef = 38D46F33184C24EB00445CC9 /* black.png */; };
		38D46F37184C2E4100445CC9 /* GIGSignUpViewController.m in Sources */ = {isa = PBXBuildFile; fileRef = 38D46F36184C2E4100445CC9 /* GIGSignUpViewController.m */; };
/* End PBXBuildFile section */

/* Begin PBXContainerItemProxy section */
		38D46EE8184A970700445CC9 /* PBXContainerItemProxy */ = {
			isa = PBXContainerItemProxy;
			containerPortal = 38D46EBA184A970600445CC9 /* Project object */;
			proxyType = 1;
			remoteGlobalIDString = 38D46EC1184A970600445CC9;
			remoteInfo = Gig;
		};
/* End PBXContainerItemProxy section */

/* Begin PBXFileReference section */
		38D46EC2184A970700445CC9 /* Gig.app */ = {isa = PBXFileReference; explicitFileType = wrapper.application; includeInIndex = 0; path = Gig.app; sourceTree = BUILT_PRODUCTS_DIR; };
		38D46EC5184A970700445CC9 /* Foundation.framework */ = {isa = PBXFileReference; lastKnownFileType = wrapper.framework; name = Foundation.framework; path = System/Library/Frameworks/Foundation.framework; sourceTree = SDKROOT; };
		38D46EC7184A970700445CC9 /* CoreGraphics.framework */ = {isa = PBXFileReference; lastKnownFileType = wrapper.framework; name = CoreGraphics.framework; path = System/Library/Frameworks/CoreGraphics.framework; sourceTree = SDKROOT; };
		38D46EC9184A970700445CC9 /* UIKit.framework */ = {isa = PBXFileReference; lastKnownFileType = wrapper.framework; name = UIKit.framework; path = System/Library/Frameworks/UIKit.framework; sourceTree = SDKROOT; };
		38D46ECD184A970700445CC9 /* Gig-Info.plist */ = {isa = PBXFileReference; lastKnownFileType = text.plist.xml; path = "Gig-Info.plist"; sourceTree = "<group>"; };
		38D46ECF184A970700445CC9 /* en */ = {isa = PBXFileReference; lastKnownFileType = text.plist.strings; name = en; path = en.lproj/InfoPlist.strings; sourceTree = "<group>"; };
		38D46ED1184A970700445CC9 /* main.m */ = {isa = PBXFileReference; lastKnownFileType = sourcecode.c.objc; path = main.m; sourceTree = "<group>"; };
		38D46ED3184A970700445CC9 /* Gig-Prefix.pch */ = {isa = PBXFileReference; lastKnownFileType = sourcecode.c.h; path = "Gig-Prefix.pch"; sourceTree = "<group>"; };
		38D46ED4184A970700445CC9 /* AADAppDelegate.h */ = {isa = PBXFileReference; lastKnownFileType = sourcecode.c.h; path = AADAppDelegate.h; sourceTree = "<group>"; };
		38D46ED5184A970700445CC9 /* AADAppDelegate.m */ = {isa = PBXFileReference; lastKnownFileType = sourcecode.c.objc; path = AADAppDelegate.m; sourceTree = "<group>"; };
		38D46ED8184A970700445CC9 /* Base */ = {isa = PBXFileReference; lastKnownFileType = file.storyboard; name = Base; path = Base.lproj/Main.storyboard; sourceTree = "<group>"; };
		38D46EDA184A970700445CC9 /* AADViewController.h */ = {isa = PBXFileReference; lastKnownFileType = sourcecode.c.h; path = AADViewController.h; sourceTree = "<group>"; };
		38D46EDB184A970700445CC9 /* AADViewController.m */ = {isa = PBXFileReference; lastKnownFileType = sourcecode.c.objc; path = AADViewController.m; sourceTree = "<group>"; };
		38D46EDD184A970700445CC9 /* Images.xcassets */ = {isa = PBXFileReference; lastKnownFileType = folder.assetcatalog; path = Images.xcassets; sourceTree = "<group>"; };
		38D46EE3184A970700445CC9 /* GigTests.xctest */ = {isa = PBXFileReference; explicitFileType = wrapper.cfbundle; includeInIndex = 0; path = GigTests.xctest; sourceTree = BUILT_PRODUCTS_DIR; };
		38D46EE4184A970700445CC9 /* XCTest.framework */ = {isa = PBXFileReference; lastKnownFileType = wrapper.framework; name = XCTest.framework; path = Library/Frameworks/XCTest.framework; sourceTree = DEVELOPER_DIR; };
		38D46EEC184A970700445CC9 /* GigTests-Info.plist */ = {isa = PBXFileReference; lastKnownFileType = text.plist.xml; path = "GigTests-Info.plist"; sourceTree = "<group>"; };
		38D46EEE184A970700445CC9 /* en */ = {isa = PBXFileReference; lastKnownFileType = text.plist.strings; name = en; path = en.lproj/InfoPlist.strings; sourceTree = "<group>"; };
		38D46EF0184A970700445CC9 /* GigTests.m */ = {isa = PBXFileReference; lastKnownFileType = sourcecode.c.objc; path = GigTests.m; sourceTree = "<group>"; };
		38D46EFC184AAD2800445CC9 /* Parse.framework */ = {isa = PBXFileReference; lastKnownFileType = wrapper.framework; path = Parse.framework; sourceTree = "<group>"; };
		38D46EFE184AAE0300445CC9 /* AudioToolbox.framework */ = {isa = PBXFileReference; lastKnownFileType = wrapper.framework; name = AudioToolbox.framework; path = System/Library/Frameworks/AudioToolbox.framework; sourceTree = SDKROOT; };
		38D46F00184AAE5600445CC9 /* CFNetwork.framework */ = {isa = PBXFileReference; lastKnownFileType = wrapper.framework; name = CFNetwork.framework; path = System/Library/Frameworks/CFNetwork.framework; sourceTree = SDKROOT; };
		38D46F01184AAE5700445CC9 /* CoreLocation.framework */ = {isa = PBXFileReference; lastKnownFileType = wrapper.framework; name = CoreLocation.framework; path = System/Library/Frameworks/CoreLocation.framework; sourceTree = SDKROOT; };
		38D46F02184AAE5700445CC9 /* libz.1.1.3.dylib */ = {isa = PBXFileReference; lastKnownFileType = "compiled.mach-o.dylib"; name = libz.1.1.3.dylib; path = usr/lib/libz.1.1.3.dylib; sourceTree = SDKROOT; };
		38D46F03184AAE5700445CC9 /* MobileCoreServices.framework */ = {isa = PBXFileReference; lastKnownFileType = wrapper.framework; name = MobileCoreServices.framework; path = System/Library/Frameworks/MobileCoreServices.framework; sourceTree = SDKROOT; };
		38D46F04184AAE5700445CC9 /* QuartzCore.framework */ = {isa = PBXFileReference; lastKnownFileType = wrapper.framework; name = QuartzCore.framework; path = System/Library/Frameworks/QuartzCore.framework; sourceTree = SDKROOT; };
		38D46F05184AAE5700445CC9 /* Security.framework */ = {isa = PBXFileReference; lastKnownFileType = wrapper.framework; name = Security.framework; path = System/Library/Frameworks/Security.framework; sourceTree = SDKROOT; };
		38D46F06184AAE5700445CC9 /* StoreKit.framework */ = {isa = PBXFileReference; lastKnownFileType = wrapper.framework; name = StoreKit.framework; path = System/Library/Frameworks/StoreKit.framework; sourceTree = SDKROOT; };
		38D46F07184AAE5700445CC9 /* SystemConfiguration.framework */ = {isa = PBXFileReference; lastKnownFileType = wrapper.framework; name = SystemConfiguration.framework; path = System/Library/Frameworks/SystemConfiguration.framework; sourceTree = SDKROOT; };
		38D46F28184C118D00445CC9 /* bench.png */ = {isa = PBXFileReference; lastKnownFileType = image.png; name = bench.png; path = "../../../Notes/User Interfaces/Hipstr/Hipstr/bench.png"; sourceTree = "<group>"; };
		38D46F2D184C1B9700445CC9 /* HPTButtonFactory.h */ = {isa = PBXFileReference; fileEncoding = 4; lastKnownFileType = sourcecode.c.h; path = HPTButtonFactory.h; sourceTree = "<group>"; };
		38D46F2E184C1B9700445CC9 /* HPTButtonFactory.m */ = {isa = PBXFileReference; fileEncoding = 4; lastKnownFileType = sourcecode.c.objc; path = HPTButtonFactory.m; sourceTree = "<group>"; };
		38D46F30184C1E2100445CC9 /* GIGLogInViewController.h */ = {isa = PBXFileReference; fileEncoding = 4; lastKnownFileType = sourcecode.c.h; path = GIGLogInViewController.h; sourceTree = "<group>"; };
		38D46F31184C1E2100445CC9 /* GIGLogInViewController.m */ = {isa = PBXFileReference; fileEncoding = 4; lastKnownFileType = sourcecode.c.objc; path = GIGLogInViewController.m; sourceTree = "<group>"; };
		38D46F33184C24EB00445CC9 /* black.png */ = {isa = PBXFileReference; lastKnownFileType = image.png; path = black.png; sourceTree = "<group>"; };
		38D46F35184C2E4100445CC9 /* GIGSignUpViewController.h */ = {isa = PBXFileReference; fileEncoding = 4; lastKnownFileType = sourcecode.c.h; path = GIGSignUpViewController.h; sourceTree = "<group>"; };
		38D46F36184C2E4100445CC9 /* GIGSignUpViewController.m */ = {isa = PBXFileReference; fileEncoding = 4; lastKnownFileType = sourcecode.c.objc; path = GIGSignUpViewController.m; sourceTree = "<group>"; };
/* End PBXFileReference section */

/* Begin PBXFrameworksBuildPhase section */
		38D46EBF184A970600445CC9 /* Frameworks */ = {
			isa = PBXFrameworksBuildPhase;
			buildActionMask = 2147483647;
			files = (
				38D46F08184AAE5700445CC9 /* CFNetwork.framework in Frameworks */,
				38D46F09184AAE5700445CC9 /* CoreLocation.framework in Frameworks */,
				38D46F0A184AAE5700445CC9 /* libz.1.1.3.dylib in Frameworks */,
				38D46F0B184AAE5700445CC9 /* MobileCoreServices.framework in Frameworks */,
				38D46F0C184AAE5700445CC9 /* QuartzCore.framework in Frameworks */,
				38D46F0D184AAE5700445CC9 /* Security.framework in Frameworks */,
				38D46F0E184AAE5700445CC9 /* StoreKit.framework in Frameworks */,
				38D46F0F184AAE5700445CC9 /* SystemConfiguration.framework in Frameworks */,
				38D46EC8184A970700445CC9 /* CoreGraphics.framework in Frameworks */,
				38D46EFF184AAE0300445CC9 /* AudioToolbox.framework in Frameworks */,
				38D46ECA184A970700445CC9 /* UIKit.framework in Frameworks */,
				38D46EFD184AAD2800445CC9 /* Parse.framework in Frameworks */,
				38D46EC6184A970700445CC9 /* Foundation.framework in Frameworks */,
			);
			runOnlyForDeploymentPostprocessing = 0;
		};
		38D46EE0184A970700445CC9 /* Frameworks */ = {
			isa = PBXFrameworksBuildPhase;
			buildActionMask = 2147483647;
			files = (
				38D46EE5184A970700445CC9 /* XCTest.framework in Frameworks */,
				38D46EE7184A970700445CC9 /* UIKit.framework in Frameworks */,
				38D46EE6184A970700445CC9 /* Foundation.framework in Frameworks */,
			);
			runOnlyForDeploymentPostprocessing = 0;
		};
/* End PBXFrameworksBuildPhase section */

/* Begin PBXGroup section */
		38D46EB9184A970600445CC9 = {
			isa = PBXGroup;
			children = (
				38D46ECB184A970700445CC9 /* Gig */,
				38D46EEA184A970700445CC9 /* GigTests */,
				38D46EC4184A970700445CC9 /* Frameworks */,
				38D46EC3184A970700445CC9 /* Products */,
			);
			sourceTree = "<group>";
		};
		38D46EC3184A970700445CC9 /* Products */ = {
			isa = PBXGroup;
			children = (
				38D46EC2184A970700445CC9 /* Gig.app */,
				38D46EE3184A970700445CC9 /* GigTests.xctest */,
			);
			name = Products;
			sourceTree = "<group>";
		};
		38D46EC4184A970700445CC9 /* Frameworks */ = {
			isa = PBXGroup;
			children = (
				38D46F00184AAE5600445CC9 /* CFNetwork.framework */,
				38D46F01184AAE5700445CC9 /* CoreLocation.framework */,
				38D46F02184AAE5700445CC9 /* libz.1.1.3.dylib */,
				38D46F03184AAE5700445CC9 /* MobileCoreServices.framework */,
				38D46F04184AAE5700445CC9 /* QuartzCore.framework */,
				38D46F05184AAE5700445CC9 /* Security.framework */,
				38D46F06184AAE5700445CC9 /* StoreKit.framework */,
				38D46F07184AAE5700445CC9 /* SystemConfiguration.framework */,
				38D46EFE184AAE0300445CC9 /* AudioToolbox.framework */,
				38D46EFC184AAD2800445CC9 /* Parse.framework */,
				38D46EC5184A970700445CC9 /* Foundation.framework */,
				38D46EC7184A970700445CC9 /* CoreGraphics.framework */,
				38D46EC9184A970700445CC9 /* UIKit.framework */,
				38D46EE4184A970700445CC9 /* XCTest.framework */,
			);
			name = Frameworks;
			sourceTree = "<group>";
		};
		38D46ECB184A970700445CC9 /* Gig */ = {
			isa = PBXGroup;
			children = (
				38D46ED4184A970700445CC9 /* AADAppDelegate.h */,
				38D46ED5184A970700445CC9 /* AADAppDelegate.m */,
				38D46F2D184C1B9700445CC9 /* HPTButtonFactory.h */,
				38D46F2E184C1B9700445CC9 /* HPTButtonFactory.m */,
				38D46ED7184A970700445CC9 /* Main.storyboard */,
				38D46EDA184A970700445CC9 /* AADViewController.h */,
				38D46EDB184A970700445CC9 /* AADViewController.m */,
				38D46EDD184A970700445CC9 /* Images.xcassets */,
				38D46F30184C1E2100445CC9 /* GIGLogInViewController.h */,
				38D46F31184C1E2100445CC9 /* GIGLogInViewController.m */,
				38D46F35184C2E4100445CC9 /* GIGSignUpViewController.h */,
				38D46F36184C2E4100445CC9 /* GIGSignUpViewController.m */,
				38D46ECC184A970700445CC9 /* Supporting Files */,
			);
			path = Gig;
			sourceTree = "<group>";
		};
		38D46ECC184A970700445CC9 /* Supporting Files */ = {
			isa = PBXGroup;
			children = (
				38D46F33184C24EB00445CC9 /* black.png */,
				38D46ECD184A970700445CC9 /* Gig-Info.plist */,
				38D46ECE184A970700445CC9 /* InfoPlist.strings */,
				38D46ED1184A970700445CC9 /* main.m */,
				38D46ED3184A970700445CC9 /* Gig-Prefix.pch */,
				38D46F28184C118D00445CC9 /* bench.png */,
			);
			name = "Supporting Files";
			sourceTree = "<group>";
		};
		38D46EEA184A970700445CC9 /* GigTests */ = {
			isa = PBXGroup;
			children = (
				38D46EF0184A970700445CC9 /* GigTests.m */,
				38D46EEB184A970700445CC9 /* Supporting Files */,
			);
			path = GigTests;
			sourceTree = "<group>";
		};
		38D46EEB184A970700445CC9 /* Supporting Files */ = {
			isa = PBXGroup;
			children = (
				38D46EEC184A970700445CC9 /* GigTests-Info.plist */,
				38D46EED184A970700445CC9 /* InfoPlist.strings */,
			);
			name = "Supporting Files";
			sourceTree = "<group>";
		};
/* End PBXGroup section */

/* Begin PBXNativeTarget section */
		38D46EC1184A970600445CC9 /* Gig */ = {
			isa = PBXNativeTarget;
			buildConfigurationList = 38D46EF4184A970700445CC9 /* Build configuration list for PBXNativeTarget "Gig" */;
			buildPhases = (
				38D46EBE184A970600445CC9 /* Sources */,
				38D46EBF184A970600445CC9 /* Frameworks */,
				38D46EC0184A970600445CC9 /* Resources */,
			);
			buildRules = (
			);
			dependencies = (
			);
			name = Gig;
			productName = Gig;
			productReference = 38D46EC2184A970700445CC9 /* Gig.app */;
			productType = "com.apple.product-type.application";
		};
		38D46EE2184A970700445CC9 /* GigTests */ = {
			isa = PBXNativeTarget;
			buildConfigurationList = 38D46EF7184A970700445CC9 /* Build configuration list for PBXNativeTarget "GigTests" */;
			buildPhases = (
				38D46EDF184A970700445CC9 /* Sources */,
				38D46EE0184A970700445CC9 /* Frameworks */,
				38D46EE1184A970700445CC9 /* Resources */,
			);
			buildRules = (
			);
			dependencies = (
				38D46EE9184A970700445CC9 /* PBXTargetDependency */,
			);
			name = GigTests;
			productName = GigTests;
			productReference = 38D46EE3184A970700445CC9 /* GigTests.xctest */;
			productType = "com.apple.product-type.bundle.unit-test";
		};
/* End PBXNativeTarget section */

/* Begin PBXProject section */
		38D46EBA184A970600445CC9 /* Project object */ = {
			isa = PBXProject;
			attributes = {
				CLASSPREFIX = AAD;
				LastUpgradeCheck = 0500;
				ORGANIZATIONNAME = desalu.adewale;
				TargetAttributes = {
					38D46EE2184A970700445CC9 = {
						TestTargetID = 38D46EC1184A970600445CC9;
					};
				};
			};
			buildConfigurationList = 38D46EBD184A970600445CC9 /* Build configuration list for PBXProject "Gig" */;
			compatibilityVersion = "Xcode 3.2";
			developmentRegion = English;
			hasScannedForEncodings = 0;
			knownRegions = (
				en,
				Base,
			);
			mainGroup = 38D46EB9184A970600445CC9;
			productRefGroup = 38D46EC3184A970700445CC9 /* Products */;
			projectDirPath = "";
			projectRoot = "";
			targets = (
				38D46EC1184A970600445CC9 /* Gig */,
				38D46EE2184A970700445CC9 /* GigTests */,
			);
		};
/* End PBXProject section */

/* Begin PBXResourcesBuildPhase section */
		38D46EC0184A970600445CC9 /* Resources */ = {
			isa = PBXResourcesBuildPhase;
			buildActionMask = 2147483647;
			files = (
				38D46F29184C118D00445CC9 /* bench.png in Resources */,
				38D46EDE184A970700445CC9 /* Images.xcassets in Resources */,
				38D46ED0184A970700445CC9 /* InfoPlist.strings in Resources */,
				38D46ED9184A970700445CC9 /* Main.storyboard in Resources */,
				38D46F34184C24EB00445CC9 /* black.png in Resources */,
			);
			runOnlyForDeploymentPostprocessing = 0;
		};
		38D46EE1184A970700445CC9 /* Resources */ = {
			isa = PBXResourcesBuildPhase;
			buildActionMask = 2147483647;
			files = (
				38D46EEF184A970700445CC9 /* InfoPlist.strings in Resources */,
			);
			runOnlyForDeploymentPostprocessing = 0;
		};
/* End PBXResourcesBuildPhase section */

/* Begin PBXSourcesBuildPhase section */
		38D46EBE184A970600445CC9 /* Sources */ = {
			isa = PBXSourcesBuildPhase;
			buildActionMask = 2147483647;
			files = (
				38D46F2F184C1B9700445CC9 /* HPTButtonFactory.m in Sources */,
				38D46ED2184A970700445CC9 /* main.m in Sources */,
				38D46F32184C1E2100445CC9 /* GIGLogInViewController.m in Sources */,
				38D46ED6184A970700445CC9 /* AADAppDelegate.m in Sources */,
				38D46F37184C2E4100445CC9 /* GIGSignUpViewController.m in Sources */,
				38D46EDC184A970700445CC9 /* AADViewController.m in Sources */,
			);
			runOnlyForDeploymentPostprocessing = 0;
		};
		38D46EDF184A970700445CC9 /* Sources */ = {
			isa = PBXSourcesBuildPhase;
			buildActionMask = 2147483647;
			files = (
				38D46EF1184A970700445CC9 /* GigTests.m in Sources */,
			);
			runOnlyForDeploymentPostprocessing = 0;
		};
/* End PBXSourcesBuildPhase section */

/* Begin PBXTargetDependency section */
		38D46EE9184A970700445CC9 /* PBXTargetDependency */ = {
			isa = PBXTargetDependency;
			target = 38D46EC1184A970600445CC9 /* Gig */;
			targetProxy = 38D46EE8184A970700445CC9 /* PBXContainerItemProxy */;
		};
/* End PBXTargetDependency section */

/* Begin PBXVariantGroup section */
		38D46ECE184A970700445CC9 /* InfoPlist.strings */ = {
			isa = PBXVariantGroup;
			children = (
				38D46ECF184A970700445CC9 /* en */,
			);
			name = InfoPlist.strings;
			sourceTree = "<group>";
		};
		38D46ED7184A970700445CC9 /* Main.storyboard */ = {
			isa = PBXVariantGroup;
			children = (
				38D46ED8184A970700445CC9 /* Base */,
			);
			name = Main.storyboard;
			sourceTree = "<group>";
		};
		38D46EED184A970700445CC9 /* InfoPlist.strings */ = {
			isa = PBXVariantGroup;
			children = (
				38D46EEE184A970700445CC9 /* en */,
			);
			name = InfoPlist.strings;
			sourceTree = "<group>";
		};
/* End PBXVariantGroup section */

/* Begin XCBuildConfiguration section */
		38D46EF2184A970700445CC9 /* Debug */ = {
			isa = XCBuildConfiguration;
			buildSettings = {
				ALWAYS_SEARCH_USER_PATHS = NO;
				ARCHS = "$(ARCHS_STANDARD_INCLUDING_64_BIT)";
				CLANG_CXX_LANGUAGE_STANDARD = "gnu++0x";
				CLANG_CXX_LIBRARY = "libc++";
				CLANG_ENABLE_MODULES = YES;
				CLANG_ENABLE_OBJC_ARC = YES;
				CLANG_WARN_BOOL_CONVERSION = YES;
				CLANG_WARN_CONSTANT_CONVERSION = YES;
				CLANG_WARN_DIRECT_OBJC_ISA_USAGE = YES_ERROR;
				CLANG_WARN_EMPTY_BODY = YES;
				CLANG_WARN_ENUM_CONVERSION = YES;
				CLANG_WARN_INT_CONVERSION = YES;
				CLANG_WARN_OBJC_ROOT_CLASS = YES_ERROR;
				CLANG_WARN__DUPLICATE_METHOD_MATCH = YES;
				"CODE_SIGN_IDENTITY[sdk=iphoneos*]" = "iPhone Developer";
				COPY_PHASE_STRIP = NO;
				GCC_C_LANGUAGE_STANDARD = gnu99;
				GCC_DYNAMIC_NO_PIC = NO;
				GCC_OPTIMIZATION_LEVEL = 0;
				GCC_PREPROCESSOR_DEFINITIONS = (
					"DEBUG=1",
					"$(inherited)",
				);
				GCC_SYMBOLS_PRIVATE_EXTERN = NO;
				GCC_WARN_64_TO_32_BIT_CONVERSION = YES;
				GCC_WARN_ABOUT_RETURN_TYPE = YES_ERROR;
				GCC_WARN_UNDECLARED_SELECTOR = YES;
				GCC_WARN_UNINITIALIZED_AUTOS = YES;
				GCC_WARN_UNUSED_FUNCTION = YES;
				GCC_WARN_UNUSED_VARIABLE = YES;
				IPHONEOS_DEPLOYMENT_TARGET = 7.0;
				ONLY_ACTIVE_ARCH = YES;
				SDKROOT = iphoneos;
			};
			name = Debug;
		};
		38D46EF3184A970700445CC9 /* Release */ = {
			isa = XCBuildConfiguration;
			buildSettings = {
				ALWAYS_SEARCH_USER_PATHS = NO;
				ARCHS = "$(ARCHS_STANDARD_INCLUDING_64_BIT)";
				CLANG_CXX_LANGUAGE_STANDARD = "gnu++0x";
				CLANG_CXX_LIBRARY = "libc++";
				CLANG_ENABLE_MODULES = YES;
				CLANG_ENABLE_OBJC_ARC = YES;
				CLANG_WARN_BOOL_CONVERSION = YES;
				CLANG_WARN_CONSTANT_CONVERSION = YES;
				CLANG_WARN_DIRECT_OBJC_ISA_USAGE = YES_ERROR;
				CLANG_WARN_EMPTY_BODY = YES;
				CLANG_WARN_ENUM_CONVERSION = YES;
				CLANG_WARN_INT_CONVERSION = YES;
				CLANG_WARN_OBJC_ROOT_CLASS = YES_ERROR;
				CLANG_WARN__DUPLICATE_METHOD_MATCH = YES;
				"CODE_SIGN_IDENTITY[sdk=iphoneos*]" = "iPhone Developer";
				COPY_PHASE_STRIP = YES;
				ENABLE_NS_ASSERTIONS = NO;
				GCC_C_LANGUAGE_STANDARD = gnu99;
				GCC_WARN_64_TO_32_BIT_CONVERSION = YES;
				GCC_WARN_ABOUT_RETURN_TYPE = YES_ERROR;
				GCC_WARN_UNDECLARED_SELECTOR = YES;
				GCC_WARN_UNINITIALIZED_AUTOS = YES;
				GCC_WARN_UNUSED_FUNCTION = YES;
				GCC_WARN_UNUSED_VARIABLE = YES;
				IPHONEOS_DEPLOYMENT_TARGET = 7.0;
				SDKROOT = iphoneos;
				VALIDATE_PRODUCT = YES;
			};
			name = Release;
		};
		38D46EF5184A970700445CC9 /* Debug */ = {
			isa = XCBuildConfiguration;
			buildSettings = {
				ASSETCATALOG_COMPILER_APPICON_NAME = AppIcon;
				ASSETCATALOG_COMPILER_LAUNCHIMAGE_NAME = LaunchImage;
				FRAMEWORK_SEARCH_PATHS = (
					"$(inherited)",
					"/Users/Wale/Documents/Projects/IOS\\ Dev/ios-final/Gig",
				);
				GCC_PRECOMPILE_PREFIX_HEADER = YES;
				GCC_PREFIX_HEADER = "Gig/Gig-Prefix.pch";
				INFOPLIST_FILE = "Gig/Gig-Info.plist";
				PRODUCT_NAME = "$(TARGET_NAME)";
				WRAPPER_EXTENSION = app;
			};
			name = Debug;
		};
		38D46EF6184A970700445CC9 /* Release */ = {
			isa = XCBuildConfiguration;
			buildSettings = {
				ASSETCATALOG_COMPILER_APPICON_NAME = AppIcon;
				ASSETCATALOG_COMPILER_LAUNCHIMAGE_NAME = LaunchImage;
				FRAMEWORK_SEARCH_PATHS = (
					"$(inherited)",
					"/Users/Wale/Documents/Projects/IOS\\ Dev/ios-final/Gig",
				);
				GCC_PRECOMPILE_PREFIX_HEADER = YES;
				GCC_PREFIX_HEADER = "Gig/Gig-Prefix.pch";
				INFOPLIST_FILE = "Gig/Gig-Info.plist";
				PRODUCT_NAME = "$(TARGET_NAME)";
				WRAPPER_EXTENSION = app;
			};
			name = Release;
		};
		38D46EF8184A970700445CC9 /* Debug */ = {
			isa = XCBuildConfiguration;
			buildSettings = {
				ARCHS = "$(ARCHS_STANDARD_INCLUDING_64_BIT)";
				BUNDLE_LOADER = "$(BUILT_PRODUCTS_DIR)/Gig.app/Gig";
				FRAMEWORK_SEARCH_PATHS = (
					"$(SDKROOT)/Developer/Library/Frameworks",
					"$(inherited)",
					"$(DEVELOPER_FRAMEWORKS_DIR)",
				);
				GCC_PRECOMPILE_PREFIX_HEADER = YES;
				GCC_PREFIX_HEADER = "Gig/Gig-Prefix.pch";
				GCC_PREPROCESSOR_DEFINITIONS = (
					"DEBUG=1",
					"$(inherited)",
				);
				INFOPLIST_FILE = "GigTests/GigTests-Info.plist";
				PRODUCT_NAME = "$(TARGET_NAME)";
				TEST_HOST = "$(BUNDLE_LOADER)";
				WRAPPER_EXTENSION = xctest;
			};
			name = Debug;
		};
		38D46EF9184A970700445CC9 /* Release */ = {
			isa = XCBuildConfiguration;
			buildSettings = {
				ARCHS = "$(ARCHS_STANDARD_INCLUDING_64_BIT)";
				BUNDLE_LOADER = "$(BUILT_PRODUCTS_DIR)/Gig.app/Gig";
				FRAMEWORK_SEARCH_PATHS = (
					"$(SDKROOT)/Developer/Library/Frameworks",
					"$(inherited)",
					"$(DEVELOPER_FRAMEWORKS_DIR)",
				);
				GCC_PRECOMPILE_PREFIX_HEADER = YES;
				GCC_PREFIX_HEADER = "Gig/Gig-Prefix.pch";
				INFOPLIST_FILE = "GigTests/GigTests-Info.plist";
				PRODUCT_NAME = "$(TARGET_NAME)";
				TEST_HOST = "$(BUNDLE_LOADER)";
				WRAPPER_EXTENSION = xctest;
			};
			name = Release;
		};
/* End XCBuildConfiguration section */

/* Begin XCConfigurationList section */
		38D46EBD184A970600445CC9 /* Build configuration list for PBXProject "Gig" */ = {
			isa = XCConfigurationList;
			buildConfigurations = (
				38D46EF2184A970700445CC9 /* Debug */,
				38D46EF3184A970700445CC9 /* Release */,
			);
			defaultConfigurationIsVisible = 0;
			defaultConfigurationName = Release;
		};
		38D46EF4184A970700445CC9 /* Build configuration list for PBXNativeTarget "Gig" */ = {
			isa = XCConfigurationList;
			buildConfigurations = (
				38D46EF5184A970700445CC9 /* Debug */,
				38D46EF6184A970700445CC9 /* Release */,
			);
			defaultConfigurationIsVisible = 0;
		};
		38D46EF7184A970700445CC9 /* Build configuration list for PBXNativeTarget "GigTests" */ = {
			isa = XCConfigurationList;
			buildConfigurations = (
				38D46EF8184A970700445CC9 /* Debug */,
				38D46EF9184A970700445CC9 /* Release */,
			);
			defaultConfigurationIsVisible = 0;
		};
/* End XCConfigurationList section */
	};
	rootObject = 38D46EBA184A970600445CC9 /* Project object */;
}
